
Microsoft Visual Studio Solution File, Format Version 12.00
# Visual Studio 14
VisualStudioVersion = 14.0.25420.1
MinimumVisualStudioVersion = 10.0.40219.1
Project("{FAE04EC0-301F-11D3-BF4B-00C04F79EFBC}") = "OutDoor_Guide.Android", "OutDoor Guide\OutDoor_Guide.Android\OutDoor_Guide.Android.csproj", "{BF1B9058-5E36-4BCB-B7C1-AAE18826EF76}"
EndProject
Project("{FAE04EC0-301F-11D3-BF4B-00C04F79EFBC}") = "OutDoor_Guide", "OutDoor Guide\OutDoor_Guide\OutDoor_Guide.csproj", "{1365347C-0B9B-4336-9852-EFF4E2381F0C}"
EndProject
Project("{FAE04EC0-301F-11D3-BF4B-00C04F79EFBC}") = "OutDoor_Guide.UWP", "OutDoor Guide\OutDoor_Guide.UWP\OutDoor_Guide.UWP.csproj", "{D45DF6A9-C10E-4D75-860D-13FD06C7FB0C}"
EndProject
Project("{FAE04EC0-301F-11D3-BF4B-00C04F79EFBC}") = "OutDoor_Guide.iOS", "OutDoor Guide\OutDoor_Guide.iOS\OutDoor_Guide.iOS.csproj", "{1ED42ACD-8E2B-4B75-A99F-748CAD24744E}"
EndProject
Global
	GlobalSection(SolutionConfigurationPlatforms) = preSolution
		Ad-Hoc|Any CPU = Ad-Hoc|Any CPU
		Ad-Hoc|ARM = Ad-Hoc|ARM
		Ad-Hoc|iPhone = Ad-Hoc|iPhone
		Ad-Hoc|iPhoneSimulator = Ad-Hoc|iPhoneSimulator
		Ad-Hoc|x64 = Ad-Hoc|x64
		Ad-Hoc|x86 = Ad-Hoc|x86
		AppStore|Any CPU = AppStore|Any CPU
		AppStore|ARM = AppStore|ARM
		AppStore|iPhone = AppStore|iPhone
		AppStore|iPhoneSimulator = AppStore|iPhoneSimulator
		AppStore|x64 = AppStore|x64
		AppStore|x86 = AppStore|x86
		Debug|Any CPU = Debug|Any CPU
		Debug|ARM = Debug|ARM
		Debug|iPhone = Debug|iPhone
		Debug|iPhoneSimulator = Debug|iPhoneSimulator
		Debug|x64 = Debug|x64
		Debug|x86 = Debug|x86
		Release|Any CPU = Release|Any CPU
		Release|ARM = Release|ARM
		Release|iPhone = Release|iPhone
		Release|iPhoneSimulator = Release|iPhoneSimulator
		Release|x64 = Release|x64
		Release|x86 = Release|x86
	EndGlobalSection
	GlobalSection(ProjectConfigurationPlatforms) = postSolution
		{BF1B9058-5E36-4BCB-B7C1-AAE18826EF76}.Ad-Hoc|Any CPU.ActiveCfg = Release|Any CPU
		{BF1B9058-5E36-4BCB-B7C1-AAE18826EF76}.Ad-Hoc|Any CPU.Build.0 = Release|Any CPU
		{BF1B9058-5E36-4BCB-B7C1-AAE18826EF76}.Ad-Hoc|Any CPU.Deploy.0 = Release|Any CPU
		{BF1B9058-5E36-4BCB-B7C1-AAE18826EF76}.Ad-Hoc|ARM.ActiveCfg = Release|Any CPU
		{BF1B9058-5E36-4BCB-B7C1-AAE18826EF76}.Ad-Hoc|ARM.Build.0 = Release|Any CPU
		{BF1B9058-5E36-4BCB-B7C1-AAE18826EF76}.Ad-Hoc|ARM.Deploy.0 = Release|Any CPU
		{BF1B9058-5E36-4BCB-B7C1-AAE18826EF76}.Ad-Hoc|iPhone.ActiveCfg = Release|Any CPU
		{BF1B9058-5E36-4BCB-B7C1-AAE18826EF76}.Ad-Hoc|iPhone.Build.0 = Release|Any CPU
		{BF1B9058-5E36-4BCB-B7C1-AAE18826EF76}.Ad-Hoc|iPhone.Deploy.0 = Release|Any CPU
		{BF1B9058-5E36-4BCB-B7C1-AAE18826EF76}.Ad-Hoc|iPhoneSimulator.ActiveCfg = Release|Any CPU
		{BF1B9058-5E36-4BCB-B7C1-AAE18826EF76}.Ad-Hoc|iPhoneSimulator.Build.0 = Release|Any CPU
		{BF1B9058-5E36-4BCB-B7C1-AAE18826EF76}.Ad-Hoc|iPhoneSimulator.Deploy.0 = Release|Any CPU
		{BF1B9058-5E36-4BCB-B7C1-AAE18826EF76}.Ad-Hoc|x64.ActiveCfg = Release|Any CPU
		{BF1B9058-5E36-4BCB-B7C1-AAE18826EF76}.Ad-Hoc|x64.Build.0 = Release|Any CPU
		{BF1B9058-5E36-4BCB-B7C1-AAE18826EF76}.Ad-Hoc|x64.Deploy.0 = Release|Any CPU
		{BF1B9058-5E36-4BCB-B7C1-AAE18826EF76}.Ad-Hoc|x86.ActiveCfg = Release|Any CPU
		{BF1B9058-5E36-4BCB-B7C1-AAE18826EF76}.Ad-Hoc|x86.Build.0 = Release|Any CPU
		{BF1B9058-5E36-4BCB-B7C1-AAE18826EF76}.Ad-Hoc|x86.Deploy.0 = Release|Any CPU
		{BF1B9058-5E36-4BCB-B7C1-AAE18826EF76}.AppStore|Any CPU.ActiveCfg = Release|Any CPU
		{BF1B9058-5E36-4BCB-B7C1-AAE18826EF76}.AppStore|Any CPU.Build.0 = Release|Any CPU
		{BF1B9058-5E36-4BCB-B7C1-AAE18826EF76}.AppStore|Any CPU.Deploy.0 = Release|Any CPU
		{BF1B9058-5E36-4BCB-B7C1-AAE18826EF76}.AppStore|ARM.ActiveCfg = Release|Any CPU
		{BF1B9058-5E36-4BCB-B7C1-AAE18826EF76}.AppStore|ARM.Build.0 = Release|Any CPU
		{BF1B9058-5E36-4BCB-B7C1-AAE18826EF76}.AppStore|ARM.Deploy.0 = Release|Any CPU
		{BF1B9058-5E36-4BCB-B7C1-AAE18826EF76}.AppStore|iPhone.ActiveCfg = Release|Any CPU
		{BF1B9058-5E36-4BCB-B7C1-AAE18826EF76}.AppStore|iPhone.Build.0 = Release|Any CPU
		{BF1B9058-5E36-4BCB-B7C1-AAE18826EF76}.AppStore|iPhone.Deploy.0 = Release|Any CPU
		{BF1B9058-5E36-4BCB-B7C1-AAE18826EF76}.AppStore|iPhoneSimulator.ActiveCfg = Release|Any CPU
		{BF1B9058-5E36-4BCB-B7C1-AAE18826EF76}.AppStore|iPhoneSimulator.Build.0 = Release|Any CPU
		{BF1B9058-5E36-4BCB-B7C1-AAE18826EF76}.AppStore|iPhoneSimulator.Deploy.0 = Release|Any CPU
		{BF1B9058-5E36-4BCB-B7C1-AAE18826EF76}.AppStore|x64.ActiveCfg = Release|Any CPU
		{BF1B9058-5E36-4BCB-B7C1-AAE18826EF76}.AppStore|x64.Build.0 = Release|Any CPU
		{BF1B9058-5E36-4BCB-B7C1-AAE18826EF76}.AppStore|x64.Deploy.0 = Release|Any CPU
		{BF1B9058-5E36-4BCB-B7C1-AAE18826EF76}.AppStore|x86.ActiveCfg = Release|Any CPU
		{BF1B9058-5E36-4BCB-B7C1-AAE18826EF76}.AppStore|x86.Build.0 = Release|Any CPU
		{BF1B9058-5E36-4BCB-B7C1-AAE18826EF76}.AppStore|x86.Deploy.0 = Release|Any CPU
		{BF1B9058-5E36-4BCB-B7C1-AAE18826EF76}.Debug|Any CPU.ActiveCfg = Debug|Any CPU
		{BF1B9058-5E36-4BCB-B7C1-AAE18826EF76}.Debug|Any CPU.Build.0 = Debug|Any CPU
		{BF1B9058-5E36-4BCB-B7C1-AAE18826EF76}.Debug|Any CPU.Deploy.0 = Debug|Any CPU
		{BF1B9058-5E36-4BCB-B7C1-AAE18826EF76}.Debug|ARM.ActiveCfg = Debug|Any CPU
		{BF1B9058-5E36-4BCB-B7C1-AAE18826EF76}.Debug|ARM.Build.0 = Debug|Any CPU
		{BF1B9058-5E36-4BCB-B7C1-AAE18826EF76}.Debug|ARM.Deploy.0 = Debug|Any CPU
		{BF1B9058-5E36-4BCB-B7C1-AAE18826EF76}.Debug|iPhone.ActiveCfg = Debug|Any CPU
		{BF1B9058-5E36-4BCB-B7C1-AAE18826EF76}.Debug|iPhone.Build.0 = Debug|Any CPU
		{BF1B9058-5E36-4BCB-B7C1-AAE18826EF76}.Debug|iPhone.Deploy.0 = Debug|Any CPU
		{BF1B9058-5E36-4BCB-B7C1-AAE18826EF76}.Debug|iPhoneSimulator.ActiveCfg = Debug|Any CPU
		{BF1B9058-5E36-4BCB-B7C1-AAE18826EF76}.Debug|iPhoneSimulator.Build.0 = Debug|Any CPU
		{BF1B9058-5E36-4BCB-B7C1-AAE18826EF76}.Debug|iPhoneSimulator.Deploy.0 = Debug|Any CPU
		{BF1B9058-5E36-4BCB-B7C1-AAE18826EF76}.Debug|x64.ActiveCfg = Debug|Any CPU
		{BF1B9058-5E36-4BCB-B7C1-AAE18826EF76}.Debug|x64.Build.0 = Debug|Any CPU
		{BF1B9058-5E36-4BCB-B7C1-AAE18826EF76}.Debug|x64.Deploy.0 = Debug|Any CPU
		{BF1B9058-5E36-4BCB-B7C1-AAE18826EF76}.Debug|x86.ActiveCfg = Debug|Any CPU
		{BF1B9058-5E36-4BCB-B7C1-AAE18826EF76}.Debug|x86.Build.0 = Debug|Any CPU
		{BF1B9058-5E36-4BCB-B7C1-AAE18826EF76}.Debug|x86.Deploy.0 = Debug|Any CPU
		{BF1B9058-5E36-4BCB-B7C1-AAE18826EF76}.Release|Any CPU.ActiveCfg = Release|Any CPU
		{BF1B9058-5E36-4BCB-B7C1-AAE18826EF76}.Release|Any CPU.Build.0 = Release|Any CPU
		{BF1B9058-5E36-4BCB-B7C1-AAE18826EF76}.Release|Any CPU.Deploy.0 = Release|Any CPU
		{BF1B9058-5E36-4BCB-B7C1-AAE18826EF76}.Release|ARM.ActiveCfg = Release|Any CPU
		{BF1B9058-5E36-4BCB-B7C1-AAE18826EF76}.Release|ARM.Build.0 = Release|Any CPU
		{BF1B9058-5E36-4BCB-B7C1-AAE18826EF76}.Release|ARM.Deploy.0 = Release|Any CPU
		{BF1B9058-5E36-4BCB-B7C1-AAE18826EF76}.Release|iPhone.ActiveCfg = Release|Any CPU
		{BF1B9058-5E36-4BCB-B7C1-AAE18826EF76}.Release|iPhone.Build.0 = Release|Any CPU
		{BF1B9058-5E36-4BCB-B7C1-AAE18826EF76}.Release|iPhone.Deploy.0 = Release|Any CPU
		{BF1B9058-5E36-4BCB-B7C1-AAE18826EF76}.Release|iPhoneSimulator.ActiveCfg = Release|Any CPU
		{BF1B9058-5E36-4BCB-B7C1-AAE18826EF76}.Release|iPhoneSimulator.Build.0 = Release|Any CPU
		{BF1B9058-5E36-4BCB-B7C1-AAE18826EF76}.Release|iPhoneSimulator.Deploy.0 = Release|Any CPU
		{BF1B9058-5E36-4BCB-B7C1-AAE18826EF76}.Release|x64.ActiveCfg = Release|Any CPU
		{BF1B9058-5E36-4BCB-B7C1-AAE18826EF76}.Release|x64.Build.0 = Release|Any CPU
		{BF1B9058-5E36-4BCB-B7C1-AAE18826EF76}.Release|x64.Deploy.0 = Release|Any CPU
		{BF1B9058-5E36-4BCB-B7C1-AAE18826EF76}.Release|x86.ActiveCfg = Release|Any CPU
		{BF1B9058-5E36-4BCB-B7C1-AAE18826EF76}.Release|x86.Build.0 = Release|Any CPU
		{BF1B9058-5E36-4BCB-B7C1-AAE18826EF76}.Release|x86.Deploy.0 = Release|Any CPU
		{1365347C-0B9B-4336-9852-EFF4E2381F0C}.Ad-Hoc|Any CPU.ActiveCfg = Release|Any CPU
		{1365347C-0B9B-4336-9852-EFF4E2381F0C}.Ad-Hoc|Any CPU.Build.0 = Release|Any CPU
		{1365347C-0B9B-4336-9852-EFF4E2381F0C}.Ad-Hoc|ARM.ActiveCfg = Release|Any CPU
		{1365347C-0B9B-4336-9852-EFF4E2381F0C}.Ad-Hoc|ARM.Build.0 = Release|Any CPU
		{1365347C-0B9B-4336-9852-EFF4E2381F0C}.Ad-Hoc|iPhone.ActiveCfg = Release|Any CPU
		{1365347C-0B9B-4336-9852-EFF4E2381F0C}.Ad-Hoc|iPhone.Build.0 = Release|Any CPU
		{1365347C-0B9B-4336-9852-EFF4E2381F0C}.Ad-Hoc|iPhoneSimulator.ActiveCfg = Release|Any CPU
		{1365347C-0B9B-4336-9852-EFF4E2381F0C}.Ad-Hoc|iPhoneSimulator.Build.0 = Release|Any CPU
		{1365347C-0B9B-4336-9852-EFF4E2381F0C}.Ad-Hoc|x64.ActiveCfg = Release|Any CPU
		{1365347C-0B9B-4336-9852-EFF4E2381F0C}.Ad-Hoc|x64.Build.0 = Release|Any CPU
		{1365347C-0B9B-4336-9852-EFF4E2381F0C}.Ad-Hoc|x86.ActiveCfg = Release|Any CPU
		{1365347C-0B9B-4336-9852-EFF4E2381F0C}.Ad-Hoc|x86.Build.0 = Release|Any CPU
		{1365347C-0B9B-4336-9852-EFF4E2381F0C}.AppStore|Any CPU.ActiveCfg = Release|Any CPU
		{1365347C-0B9B-4336-9852-EFF4E2381F0C}.AppStore|Any CPU.Build.0 = Release|Any CPU
		{1365347C-0B9B-4336-9852-EFF4E2381F0C}.AppStore|ARM.ActiveCfg = Release|Any CPU
		{1365347C-0B9B-4336-9852-EFF4E2381F0C}.AppStore|ARM.Build.0 = Release|Any CPU
		{1365347C-0B9B-4336-9852-EFF4E2381F0C}.AppStore|iPhone.ActiveCfg = Release|Any CPU
		{1365347C-0B9B-4336-9852-EFF4E2381F0C}.AppStore|iPhone.Build.0 = Release|Any CPU
		{1365347C-0B9B-4336-9852-EFF4E2381F0C}.AppStore|iPhoneSimulator.ActiveCfg = Release|Any CPU
		{1365347C-0B9B-4336-9852-EFF4E2381F0C}.AppStore|iPhoneSimulator.Build.0 = Release|Any CPU
		{1365347C-0B9B-4336-9852-EFF4E2381F0C}.AppStore|x64.ActiveCfg = Release|Any CPU
		{1365347C-0B9B-4336-9852-EFF4E2381F0C}.AppStore|x64.Build.0 = Release|Any CPU
		{1365347C-0B9B-4336-9852-EFF4E2381F0C}.AppStore|x86.ActiveCfg = Release|Any CPU
		{1365347C-0B9B-4336-9852-EFF4E2381F0C}.AppStore|x86.Build.0 = Release|Any CPU
		{1365347C-0B9B-4336-9852-EFF4E2381F0C}.Debug|Any CPU.ActiveCfg = Debug|Any CPU
		{1365347C-0B9B-4336-9852-EFF4E2381F0C}.Debug|Any CPU.Build.0 = Debug|Any CPU
		{1365347C-0B9B-4336-9852-EFF4E2381F0C}.Debug|ARM.ActiveCfg = Debug|Any CPU
		{1365347C-0B9B-4336-9852-EFF4E2381F0C}.Debug|ARM.Build.0 = Debug|Any CPU
		{1365347C-0B9B-4336-9852-EFF4E2381F0C}.Debug|iPhone.ActiveCfg = Debug|Any CPU
		{1365347C-0B9B-4336-9852-EFF4E2381F0C}.Debug|iPhone.Build.0 = Debug|Any CPU
		{1365347C-0B9B-4336-9852-EFF4E2381F0C}.Debug|iPhoneSimulator.ActiveCfg = Debug|Any CPU
		{1365347C-0B9B-4336-9852-EFF4E2381F0C}.Debug|iPhoneSimulator.Build.0 = Debug|Any CPU
		{1365347C-0B9B-4336-9852-EFF4E2381F0C}.Debug|x64.ActiveCfg = Debug|Any CPU
		{1365347C-0B9B-4336-9852-EFF4E2381F0C}.Debug|x64.Build.0 = Debug|Any CPU
		{1365347C-0B9B-4336-9852-EFF4E2381F0C}.Debug|x86.ActiveCfg = Debug|Any CPU
		{1365347C-0B9B-4336-9852-EFF4E2381F0C}.Debug|x86.Build.0 = Debug|Any CPU
		{1365347C-0B9B-4336-9852-EFF4E2381F0C}.Release|Any CPU.ActiveCfg = Release|Any CPU
		{1365347C-0B9B-4336-9852-EFF4E2381F0C}.Release|Any CPU.Build.0 = Release|Any CPU
		{1365347C-0B9B-4336-9852-EFF4E2381F0C}.Release|ARM.ActiveCfg = Release|Any CPU
		{1365347C-0B9B-4336-9852-EFF4E2381F0C}.Release|ARM.Build.0 = Release|Any CPU
		{1365347C-0B9B-4336-9852-EFF4E2381F0C}.Release|iPhone.ActiveCfg = Release|Any CPU
		{1365347C-0B9B-4336-9852-EFF4E2381F0C}.Release|iPhone.Build.0 = Release|Any CPU
		{1365347C-0B9B-4336-9852-EFF4E2381F0C}.Release|iPhoneSimulator.ActiveCfg = Release|Any CPU
		{1365347C-0B9B-4336-9852-EFF4E2381F0C}.Release|iPhoneSimulator.Build.0 = Release|Any CPU
		{1365347C-0B9B-4336-9852-EFF4E2381F0C}.Release|x64.ActiveCfg = Release|Any CPU
		{1365347C-0B9B-4336-9852-EFF4E2381F0C}.Release|x64.Build.0 = Release|Any CPU
		{1365347C-0B9B-4336-9852-EFF4E2381F0C}.Release|x86.ActiveCfg = Release|Any CPU
		{1365347C-0B9B-4336-9852-EFF4E2381F0C}.Release|x86.Build.0 = Release|Any CPU
		{D45DF6A9-C10E-4D75-860D-13FD06C7FB0C}.Ad-Hoc|Any CPU.ActiveCfg = Release|x86
		{D45DF6A9-C10E-4D75-860D-13FD06C7FB0C}.Ad-Hoc|Any CPU.Build.0 = Release|x86
		{D45DF6A9-C10E-4D75-860D-13FD06C7FB0C}.Ad-Hoc|Any CPU.Deploy.0 = Release|x86
		{D45DF6A9-C10E-4D75-860D-13FD06C7FB0C}.Ad-Hoc|ARM.ActiveCfg = Release|ARM
		{D45DF6A9-C10E-4D75-860D-13FD06C7FB0C}.Ad-Hoc|ARM.Build.0 = Release|ARM
		{D45DF6A9-C10E-4D75-860D-13FD06C7FB0C}.Ad-Hoc|ARM.Deploy.0 = Release|ARM
		{D45DF6A9-C10E-4D75-860D-13FD06C7FB0C}.Ad-Hoc|iPhone.ActiveCfg = Release|x86
		{D45DF6A9-C10E-4D75-860D-13FD06C7FB0C}.Ad-Hoc|iPhone.Build.0 = Release|x86
		{D45DF6A9-C10E-4D75-860D-13FD06C7FB0C}.Ad-Hoc|iPhone.Deploy.0 = Release|x86
		{D45DF6A9-C10E-4D75-860D-13FD06C7FB0C}.Ad-Hoc|iPhoneSimulator.ActiveCfg = Release|x86
		{D45DF6A9-C10E-4D75-860D-13FD06C7FB0C}.Ad-Hoc|iPhoneSimulator.Build.0 = Release|x86
		{D45DF6A9-C10E-4D75-860D-13FD06C7FB0C}.Ad-Hoc|iPhoneSimulator.Deploy.0 = Release|x86
		{D45DF6A9-C10E-4D75-860D-13FD06C7FB0C}.Ad-Hoc|x64.ActiveCfg = Release|x64
		{D45DF6A9-C10E-4D75-860D-13FD06C7FB0C}.Ad-Hoc|x64.Build.0 = Release|x64
		{D45DF6A9-C10E-4D75-860D-13FD06C7FB0C}.Ad-Hoc|x64.Deploy.0 = Release|x64
		{D45DF6A9-C10E-4D75-860D-13FD06C7FB0C}.Ad-Hoc|x86.ActiveCfg = Release|x86
		{D45DF6A9-C10E-4D75-860D-13FD06C7FB0C}.Ad-Hoc|x86.Build.0 = Release|x86
		{D45DF6A9-C10E-4D75-860D-13FD06C7FB0C}.Ad-Hoc|x86.Deploy.0 = Release|x86
		{D45DF6A9-C10E-4D75-860D-13FD06C7FB0C}.AppStore|Any CPU.ActiveCfg = Release|x86
		{D45DF6A9-C10E-4D75-860D-13FD06C7FB0C}.AppStore|Any CPU.Build.0 = Release|x86
		{D45DF6A9-C10E-4D75-860D-13FD06C7FB0C}.AppStore|Any CPU.Deploy.0 = Release|x86
		{D45DF6A9-C10E-4D75-860D-13FD06C7FB0C}.AppStore|ARM.ActiveCfg = Release|ARM
		{D45DF6A9-C10E-4D75-860D-13FD06C7FB0C}.AppStore|ARM.Build.0 = Release|ARM
		{D45DF6A9-C10E-4D75-860D-13FD06C7FB0C}.AppStore|ARM.Deploy.0 = Release|ARM
		{D45DF6A9-C10E-4D75-860D-13FD06C7FB0C}.AppStore|iPhone.ActiveCfg = Release|x86
		{D45DF6A9-C10E-4D75-860D-13FD06C7FB0C}.AppStore|iPhone.Build.0 = Release|x86
		{D45DF6A9-C10E-4D75-860D-13FD06C7FB0C}.AppStore|iPhone.Deploy.0 = Release|x86
		{D45DF6A9-C10E-4D75-860D-13FD06C7FB0C}.AppStore|iPhoneSimulator.ActiveCfg = Release|x86
		{D45DF6A9-C10E-4D75-860D-13FD06C7FB0C}.AppStore|iPhoneSimulator.Build.0 = Release|x86
		{D45DF6A9-C10E-4D75-860D-13FD06C7FB0C}.AppStore|iPhoneSimulator.Deploy.0 = Release|x86
		{D45DF6A9-C10E-4D75-860D-13FD06C7FB0C}.AppStore|x64.ActiveCfg = Release|x64
		{D45DF6A9-C10E-4D75-860D-13FD06C7FB0C}.AppStore|x64.Build.0 = Release|x64
		{D45DF6A9-C10E-4D75-860D-13FD06C7FB0C}.AppStore|x64.Deploy.0 = Release|x64
		{D45DF6A9-C10E-4D75-860D-13FD06C7FB0C}.AppStore|x86.ActiveCfg = Release|x86
		{D45DF6A9-C10E-4D75-860D-13FD06C7FB0C}.AppStore|x86.Build.0 = Release|x86
		{D45DF6A9-C10E-4D75-860D-13FD06C7FB0C}.AppStore|x86.Deploy.0 = Release|x86
		{D45DF6A9-C10E-4D75-860D-13FD06C7FB0C}.Debug|Any CPU.ActiveCfg = Debug|x86
		{D45DF6A9-C10E-4D75-860D-13FD06C7FB0C}.Debug|ARM.ActiveCfg = Debug|ARM
		{D45DF6A9-C10E-4D75-860D-13FD06C7FB0C}.Debug|ARM.Build.0 = Debug|ARM
		{D45DF6A9-C10E-4D75-860D-13FD06C7FB0C}.Debug|ARM.Deploy.0 = Debug|ARM
		{D45DF6A9-C10E-4D75-860D-13FD06C7FB0C}.Debug|iPhone.ActiveCfg = Debug|x86
		{D45DF6A9-C10E-4D75-860D-13FD06C7FB0C}.Debug|iPhoneSimulator.ActiveCfg = Debug|x86
		{D45DF6A9-C10E-4D75-860D-13FD06C7FB0C}.Debug|x64.ActiveCfg = Debug|x64
		{D45DF6A9-C10E-4D75-860D-13FD06C7FB0C}.Debug|x64.Build.0 = Debug|x64
		{D45DF6A9-C10E-4D75-860D-13FD06C7FB0C}.Debug|x64.Deploy.0 = Debug|x64
		{D45DF6A9-C10E-4D75-860D-13FD06C7FB0C}.Debug|x86.ActiveCfg = Debug|x86
		{D45DF6A9-C10E-4D75-860D-13FD06C7FB0C}.Debug|x86.Build.0 = Debug|x86
		{D45DF6A9-C10E-4D75-860D-13FD06C7FB0C}.Debug|x86.Deploy.0 = Debug|x86
		{D45DF6A9-C10E-4D75-860D-13FD06C7FB0C}.Release|Any CPU.ActiveCfg = Release|x86
		{D45DF6A9-C10E-4D75-860D-13FD06C7FB0C}.Release|ARM.ActiveCfg = Release|ARM
		{D45DF6A9-C10E-4D75-860D-13FD06C7FB0C}.Release|ARM.Build.0 = Release|ARM
		{D45DF6A9-C10E-4D75-860D-13FD06C7FB0C}.Release|ARM.Deploy.0 = Release|ARM
		{D45DF6A9-C10E-4D75-860D-13FD06C7FB0C}.Release|iPhone.ActiveCfg = Release|x86
		{D45DF6A9-C10E-4D75-860D-13FD06C7FB0C}.Release|iPhoneSimulator.ActiveCfg = Release|x86
		{D45DF6A9-C10E-4D75-860D-13FD06C7FB0C}.Release|x64.ActiveCfg = Release|x64
		{D45DF6A9-C10E-4D75-860D-13FD06C7FB0C}.Release|x64.Build.0 = Release|x64
		{D45DF6A9-C10E-4D75-860D-13FD06C7FB0C}.Release|x64.Deploy.0 = Release|x64
		{D45DF6A9-C10E-4D75-860D-13FD06C7FB0C}.Release|x86.ActiveCfg = Release|x86
		{D45DF6A9-C10E-4D75-860D-13FD06C7FB0C}.Release|x86.Build.0 = Release|x86
		{D45DF6A9-C10E-4D75-860D-13FD06C7FB0C}.Release|x86.Deploy.0 = Release|x86
		{1ED42ACD-8E2B-4B75-A99F-748CAD24744E}.Ad-Hoc|Any CPU.ActiveCfg = Ad-Hoc|iPhone
		{1ED42ACD-8E2B-4B75-A99F-748CAD24744E}.Ad-Hoc|ARM.ActiveCfg = Ad-Hoc|iPhone
		{1ED42ACD-8E2B-4B75-A99F-748CAD24744E}.Ad-Hoc|iPhone.ActiveCfg = Ad-Hoc|iPhone
		{1ED42ACD-8E2B-4B75-A99F-748CAD24744E}.Ad-Hoc|iPhone.Build.0 = Ad-Hoc|iPhone
		{1ED42ACD-8E2B-4B75-A99F-748CAD24744E}.Ad-Hoc|iPhoneSimulator.ActiveCfg = Ad-Hoc|iPhoneSimulator
		{1ED42ACD-8E2B-4B75-A99F-748CAD24744E}.Ad-Hoc|iPhoneSimulator.Build.0 = Ad-Hoc|iPhoneSimulator
		{1ED42ACD-8E2B-4B75-A99F-748CAD24744E}.Ad-Hoc|x64.ActiveCfg = Ad-Hoc|iPhone
		{1ED42ACD-8E2B-4B75-A99F-748CAD24744E}.Ad-Hoc|x86.ActiveCfg = Ad-Hoc|iPhone
		{1ED42ACD-8E2B-4B75-A99F-748CAD24744E}.AppStore|Any CPU.ActiveCfg = AppStore|iPhone
		{1ED42ACD-8E2B-4B75-A99F-748CAD24744E}.AppStore|ARM.ActiveCfg = AppStore|iPhone
		{1ED42ACD-8E2B-4B75-A99F-748CAD24744E}.AppStore|iPhone.ActiveCfg = AppStore|iPhone
		{1ED42ACD-8E2B-4B75-A99F-748CAD24744E}.AppStore|iPhone.Build.0 = AppStore|iPhone
		{1ED42ACD-8E2B-4B75-A99F-748CAD24744E}.AppStore|iPhoneSimulator.ActiveCfg = AppStore|iPhoneSimulator
		{1ED42ACD-8E2B-4B75-A99F-748CAD24744E}.AppStore|iPhoneSimulator.Build.0 = AppStore|iPhoneSimulator
		{1ED42ACD-8E2B-4B75-A99F-748CAD24744E}.AppStore|x64.ActiveCfg = AppStore|iPhone
		{1ED42ACD-8E2B-4B75-A99F-748CAD24744E}.AppStore|x86.ActiveCfg = AppStore|iPhone
		{1ED42ACD-8E2B-4B75-A99F-748CAD24744E}.Debug|Any CPU.ActiveCfg = Debug|iPhone
		{1ED42ACD-8E2B-4B75-A99F-748CAD24744E}.Debug|ARM.ActiveCfg = Debug|iPhone
		{1ED42ACD-8E2B-4B75-A99F-748CAD24744E}.Debug|iPhone.ActiveCfg = Debug|iPhone
		{1ED42ACD-8E2B-4B75-A99F-748CAD24744E}.Debug|iPhone.Build.0 = Debug|iPhone
		{1ED42ACD-8E2B-4B75-A99F-748CAD24744E}.Debug|iPhoneSimulator.ActiveCfg = Debug|iPhoneSimulator
		{1ED42ACD-8E2B-4B75-A99F-748CAD24744E}.Debug|iPhoneSimulator.Build.0 = Debug|iPhoneSimulator
		{1ED42ACD-8E2B-4B75-A99F-748CAD24744E}.Debug|x64.ActiveCfg = Debug|iPhone
		{1ED42ACD-8E2B-4B75-A99F-748CAD24744E}.Debug|x86.ActiveCfg = Debug|iPhone
		{1ED42ACD-8E2B-4B75-A99F-748CAD24744E}.Release|Any CPU.ActiveCfg = Release|iPhone
		{1ED42ACD-8E2B-4B75-A99F-748CAD24744E}.Release|ARM.ActiveCfg = Release|iPhone
		{1ED42ACD-8E2B-4B75-A99F-748CAD24744E}.Release|iPhone.ActiveCfg = Release|iPhone
		{1ED42ACD-8E2B-4B75-A99F-748CAD24744E}.Release|iPhone.Build.0 = Release|iPhone
		{1ED42ACD-8E2B-4B75-A99F-748CAD24744E}.Release|iPhoneSimulator.ActiveCfg = Release|iPhoneSimulator
		{1ED42ACD-8E2B-4B75-A99F-748CAD24744E}.Release|iPhoneSimulator.Build.0 = Release|iPhoneSimulator
		{1ED42ACD-8E2B-4B75-A99F-748CAD24744E}.Release|x64.ActiveCfg = Release|iPhone
		{1ED42ACD-8E2B-4B75-A99F-748CAD24744E}.Release|x86.ActiveCfg = Release|iPhone
	EndGlobalSection
	GlobalSection(SolutionProperties) = preSolution
		HideSolutionNode = FALSE
	EndGlobalSection
EndGlobal
